# This file is automatically @generated by Poetry 1.4.0 and should not be changed by hand.

[[package]]
name = "ftfy"
version = "6.1.1"
description = "Fixes mojibake and other problems with Unicode, after the fact"
category = "main"
optional = false
python-versions = ">=3.7,<4"
files = [
    {file = "ftfy-6.1.1-py3-none-any.whl", hash = "sha256:0ffd33fce16b54cccaec78d6ec73d95ad370e5df5a25255c8966a6147bd667ca"},
    {file = "ftfy-6.1.1.tar.gz", hash = "sha256:bfc2019f84fcd851419152320a6375604a0f1459c281b5b199b2cd0d2e727f8f"},
]

[package.dependencies]
wcwidth = ">=0.2.5"

[[package]]
name = "langcodes"
version = "3.3.0"
description = "Tools for labeling human languages with IETF language tags"
category = "main"
optional = false
python-versions = ">=3.6"
files = [
    {file = "langcodes-3.3.0-py3-none-any.whl", hash = "sha256:4d89fc9acb6e9c8fdef70bcdf376113a3db09b67285d9e1d534de6d8818e7e69"},
    {file = "langcodes-3.3.0.tar.gz", hash = "sha256:794d07d5a28781231ac335a1561b8442f8648ca07cd518310aeb45d6f0807ef6"},
]

[package.extras]
data = ["language-data (>=1.1,<2.0)"]

[[package]]
name = "msgpack"
version = "1.0.5"
description = "MessagePack serializer"
category = "main"
optional = false
python-versions = "*"
files = [
    {file = "msgpack-1.0.5-cp310-cp310-macosx_10_9_universal2.whl", hash = "sha256:525228efd79bb831cf6830a732e2e80bc1b05436b086d4264814b4b2955b2fa9"},
    {file = "msgpack-1.0.5-cp310-cp310-macosx_10_9_x86_64.whl", hash = "sha256:4f8d8b3bf1ff2672567d6b5c725a1b347fe838b912772aa8ae2bf70338d5a198"},
    {file = "msgpack-1.0.5-cp310-cp310-macosx_11_0_arm64.whl", hash = "sha256:cdc793c50be3f01106245a61b739328f7dccc2c648b501e237f0699fe1395b81"},
    {file = "msgpack-1.0.5-cp310-cp310-manylinux_2_17_aarch64.manylinux2014_aarch64.whl", hash = "sha256:5cb47c21a8a65b165ce29f2bec852790cbc04936f502966768e4aae9fa763cb7"},
    {file = "msgpack-1.0.5-cp310-cp310-manylinux_2_17_x86_64.manylinux2014_x86_64.whl", hash = "sha256:e42b9594cc3bf4d838d67d6ed62b9e59e201862a25e9a157019e171fbe672dd3"},
    {file = "msgpack-1.0.5-cp310-cp310-manylinux_2_5_i686.manylinux1_i686.manylinux_2_17_i686.manylinux2014_i686.whl", hash = "sha256:55b56a24893105dc52c1253649b60f475f36b3aa0fc66115bffafb624d7cb30b"},
    {file = "msgpack-1.0.5-cp310-cp310-musllinux_1_1_aarch64.whl", hash = "sha256:1967f6129fc50a43bfe0951c35acbb729be89a55d849fab7686004da85103f1c"},
    {file = "msgpack-1.0.5-cp310-cp310-musllinux_1_1_i686.whl", hash = "sha256:20a97bf595a232c3ee6d57ddaadd5453d174a52594bf9c21d10407e2a2d9b3bd"},
    {file = "msgpack-1.0.5-cp310-cp310-musllinux_1_1_x86_64.whl", hash = "sha256:d25dd59bbbbb996eacf7be6b4ad082ed7eacc4e8f3d2df1ba43822da9bfa122a"},
    {file = "msgpack-1.0.5-cp310-cp310-win32.whl", hash = "sha256:382b2c77589331f2cb80b67cc058c00f225e19827dbc818d700f61513ab47bea"},
    {file = "msgpack-1.0.5-cp310-cp310-win_amd64.whl", hash = "sha256:4867aa2df9e2a5fa5f76d7d5565d25ec76e84c106b55509e78c1ede0f152659a"},
    {file = "msgpack-1.0.5-cp311-cp311-macosx_10_9_universal2.whl", hash = "sha256:9f5ae84c5c8a857ec44dc180a8b0cc08238e021f57abdf51a8182e915e6299f0"},
    {file = "msgpack-1.0.5-cp311-cp311-macosx_10_9_x86_64.whl", hash = "sha256:9e6ca5d5699bcd89ae605c150aee83b5321f2115695e741b99618f4856c50898"},
    {file = "msgpack-1.0.5-cp311-cp311-macosx_11_0_arm64.whl", hash = "sha256:5494ea30d517a3576749cad32fa27f7585c65f5f38309c88c6d137877fa28a5a"},
    {file = "msgpack-1.0.5-cp311-cp311-manylinux_2_17_aarch64.manylinux2014_aarch64.whl", hash = "sha256:1ab2f3331cb1b54165976a9d976cb251a83183631c88076613c6c780f0d6e45a"},
    {file = "msgpack-1.0.5-cp311-cp311-manylinux_2_17_x86_64.manylinux2014_x86_64.whl", hash = "sha256:28592e20bbb1620848256ebc105fc420436af59515793ed27d5c77a217477705"},
    {file = "msgpack-1.0.5-cp311-cp311-manylinux_2_5_i686.manylinux1_i686.manylinux_2_17_i686.manylinux2014_i686.whl", hash = "sha256:fe5c63197c55bce6385d9aee16c4d0641684628f63ace85f73571e65ad1c1e8d"},
    {file = "msgpack-1.0.5-cp311-cp311-musllinux_1_1_aarch64.whl", hash = "sha256:ed40e926fa2f297e8a653c954b732f125ef97bdd4c889f243182299de27e2aa9"},
    {file = "msgpack-1.0.5-cp311-cp311-musllinux_1_1_i686.whl", hash = "sha256:b2de4c1c0538dcb7010902a2b97f4e00fc4ddf2c8cda9749af0e594d3b7fa3d7"},
    {file = "msgpack-1.0.5-cp311-cp311-musllinux_1_1_x86_64.whl", hash = "sha256:bf22a83f973b50f9d38e55c6aade04c41ddda19b00c4ebc558930d78eecc64ed"},
    {file = "msgpack-1.0.5-cp311-cp311-win32.whl", hash = "sha256:c396e2cc213d12ce017b686e0f53497f94f8ba2b24799c25d913d46c08ec422c"},
    {file = "msgpack-1.0.5-cp311-cp311-win_amd64.whl", hash = "sha256:6c4c68d87497f66f96d50142a2b73b97972130d93677ce930718f68828b382e2"},
    {file = "msgpack-1.0.5-cp36-cp36m-macosx_10_9_x86_64.whl", hash = "sha256:a2b031c2e9b9af485d5e3c4520f4220d74f4d222a5b8dc8c1a3ab9448ca79c57"},
    {file = "msgpack-1.0.5-cp36-cp36m-manylinux_2_17_aarch64.manylinux2014_aarch64.whl", hash = "sha256:4f837b93669ce4336e24d08286c38761132bc7ab29782727f8557e1eb21b2080"},
    {file = "msgpack-1.0.5-cp36-cp36m-manylinux_2_17_x86_64.manylinux2014_x86_64.whl", hash = "sha256:b1d46dfe3832660f53b13b925d4e0fa1432b00f5f7210eb3ad3bb9a13c6204a6"},
    {file = "msgpack-1.0.5-cp36-cp36m-manylinux_2_5_i686.manylinux1_i686.manylinux_2_17_i686.manylinux2014_i686.whl", hash = "sha256:366c9a7b9057e1547f4ad51d8facad8b406bab69c7d72c0eb6f529cf76d4b85f"},
    {file = "msgpack-1.0.5-cp36-cp36m-musllinux_1_1_aarch64.whl", hash = "sha256:4c075728a1095efd0634a7dccb06204919a2f67d1893b6aa8e00497258bf926c"},
    {file = "msgpack-1.0.5-cp36-cp36m-musllinux_1_1_i686.whl", hash = "sha256:f933bbda5a3ee63b8834179096923b094b76f0c7a73c1cfe8f07ad608c58844b"},
    {file = "msgpack-1.0.5-cp36-cp36m-musllinux_1_1_x86_64.whl", hash = "sha256:36961b0568c36027c76e2ae3ca1132e35123dcec0706c4b7992683cc26c1320c"},
    {file = "msgpack-1.0.5-cp36-cp36m-win32.whl", hash = "sha256:b5ef2f015b95f912c2fcab19c36814963b5463f1fb9049846994b007962743e9"},
    {file = "msgpack-1.0.5-cp36-cp36m-win_amd64.whl", hash = "sha256:288e32b47e67f7b171f86b030e527e302c91bd3f40fd9033483f2cacc37f327a"},
    {file = "msgpack-1.0.5-cp37-cp37m-macosx_10_9_x86_64.whl", hash = "sha256:137850656634abddfb88236008339fdaba3178f4751b28f270d2ebe77a563b6c"},
    {file = "msgpack-1.0.5-cp37-cp37m-manylinux_2_17_aarch64.manylinux2014_aarch64.whl", hash = "sha256:0c05a4a96585525916b109bb85f8cb6511db1c6f5b9d9cbcbc940dc6b4be944b"},
    {file = "msgpack-1.0.5-cp37-cp37m-manylinux_2_17_x86_64.manylinux2014_x86_64.whl", hash = "sha256:56a62ec00b636583e5cb6ad313bbed36bb7ead5fa3a3e38938503142c72cba4f"},
    {file = "msgpack-1.0.5-cp37-cp37m-manylinux_2_5_i686.manylinux1_i686.manylinux_2_17_i686.manylinux2014_i686.whl", hash = "sha256:ef8108f8dedf204bb7b42994abf93882da1159728a2d4c5e82012edd92c9da9f"},
    {file = "msgpack-1.0.5-cp37-cp37m-musllinux_1_1_aarch64.whl", hash = "sha256:1835c84d65f46900920b3708f5ba829fb19b1096c1800ad60bae8418652a951d"},
    {file = "msgpack-1.0.5-cp37-cp37m-musllinux_1_1_i686.whl", hash = "sha256:e57916ef1bd0fee4f21c4600e9d1da352d8816b52a599c46460e93a6e9f17086"},
    {file = "msgpack-1.0.5-cp37-cp37m-musllinux_1_1_x86_64.whl", hash = "sha256:17358523b85973e5f242ad74aa4712b7ee560715562554aa2134d96e7aa4cbbf"},
    {file = "msgpack-1.0.5-cp37-cp37m-win32.whl", hash = "sha256:cb5aaa8c17760909ec6cb15e744c3ebc2ca8918e727216e79607b7bbce9c8f77"},
    {file = "msgpack-1.0.5-cp37-cp37m-win_amd64.whl", hash = "sha256:ab31e908d8424d55601ad7075e471b7d0140d4d3dd3272daf39c5c19d936bd82"},
    {file = "msgpack-1.0.5-cp38-cp38-macosx_10_9_universal2.whl", hash = "sha256:b72d0698f86e8d9ddf9442bdedec15b71df3598199ba33322d9711a19f08145c"},
    {file = "msgpack-1.0.5-cp38-cp38-macosx_10_9_x86_64.whl", hash = "sha256:379026812e49258016dd84ad79ac8446922234d498058ae1d415f04b522d5b2d"},
    {file = "msgpack-1.0.5-cp38-cp38-macosx_11_0_arm64.whl", hash = "sha256:332360ff25469c346a1c5e47cbe2a725517919892eda5cfaffe6046656f0b7bb"},
    {file = "msgpack-1.0.5-cp38-cp38-manylinux_2_17_aarch64.manylinux2014_aarch64.whl", hash = "sha256:476a8fe8fae289fdf273d6d2a6cb6e35b5a58541693e8f9f019bfe990a51e4ba"},
    {file = "msgpack-1.0.5-cp38-cp38-manylinux_2_17_x86_64.manylinux2014_x86_64.whl", hash = "sha256:a9985b214f33311df47e274eb788a5893a761d025e2b92c723ba4c63936b69b1"},
    {file = "msgpack-1.0.5-cp38-cp38-manylinux_2_5_i686.manylinux1_i686.manylinux_2_17_i686.manylinux2014_i686.whl", hash = "sha256:48296af57cdb1d885843afd73c4656be5c76c0c6328db3440c9601a98f303d87"},
    {file = "msgpack-1.0.5-cp38-cp38-musllinux_1_1_aarch64.whl", hash = "sha256:addab7e2e1fcc04bd08e4eb631c2a90960c340e40dfc4a5e24d2ff0d5a3b3edb"},
    {file = "msgpack-1.0.5-cp38-cp38-musllinux_1_1_i686.whl", hash = "sha256:916723458c25dfb77ff07f4c66aed34e47503b2eb3188b3adbec8d8aa6e00f48"},
    {file = "msgpack-1.0.5-cp38-cp38-musllinux_1_1_x86_64.whl", hash = "sha256:821c7e677cc6acf0fd3f7ac664c98803827ae6de594a9f99563e48c5a2f27eb0"},
    {file = "msgpack-1.0.5-cp38-cp38-win32.whl", hash = "sha256:1c0f7c47f0087ffda62961d425e4407961a7ffd2aa004c81b9c07d9269512f6e"},
    {file = "msgpack-1.0.5-cp38-cp38-win_amd64.whl", hash = "sha256:bae7de2026cbfe3782c8b78b0db9cbfc5455e079f1937cb0ab8d133496ac55e1"},
    {file = "msgpack-1.0.5-cp39-cp39-macosx_10_9_universal2.whl", hash = "sha256:20c784e66b613c7f16f632e7b5e8a1651aa5702463d61394671ba07b2fc9e025"},
    {file = "msgpack-1.0.5-cp39-cp39-macosx_10_9_x86_64.whl", hash = "sha256:266fa4202c0eb94d26822d9bfd7af25d1e2c088927fe8de9033d929dd5ba24c5"},
    {file = "msgpack-1.0.5-cp39-cp39-macosx_11_0_arm64.whl", hash = "sha256:18334484eafc2b1aa47a6d42427da7fa8f2ab3d60b674120bce7a895a0a85bdd"},
    {file = "msgpack-1.0.5-cp39-cp39-manylinux_2_17_aarch64.manylinux2014_aarch64.whl", hash = "sha256:57e1f3528bd95cc44684beda696f74d3aaa8a5e58c816214b9046512240ef437"},
    {file = "msgpack-1.0.5-cp39-cp39-manylinux_2_17_x86_64.manylinux2014_x86_64.whl", hash = "sha256:586d0d636f9a628ddc6a17bfd45aa5b5efaf1606d2b60fa5d87b8986326e933f"},
    {file = "msgpack-1.0.5-cp39-cp39-manylinux_2_5_i686.manylinux1_i686.manylinux_2_17_i686.manylinux2014_i686.whl", hash = "sha256:a740fa0e4087a734455f0fc3abf5e746004c9da72fbd541e9b113013c8dc3282"},
    {file = "msgpack-1.0.5-cp39-cp39-musllinux_1_1_aarch64.whl", hash = "sha256:3055b0455e45810820db1f29d900bf39466df96ddca11dfa6d074fa47054376d"},
    {file = "msgpack-1.0.5-cp39-cp39-musllinux_1_1_i686.whl", hash = "sha256:a61215eac016f391129a013c9e46f3ab308db5f5ec9f25811e811f96962599a8"},
    {file = "msgpack-1.0.5-cp39-cp39-musllinux_1_1_x86_64.whl", hash = "sha256:362d9655cd369b08fda06b6657a303eb7172d5279997abe094512e919cf74b11"},
    {file = "msgpack-1.0.5-cp39-cp39-win32.whl", hash = "sha256:ac9dd47af78cae935901a9a500104e2dea2e253207c924cc95de149606dc43cc"},
    {file = "msgpack-1.0.5-cp39-cp39-win_amd64.whl", hash = "sha256:06f5174b5f8ed0ed919da0e62cbd4ffde676a374aba4020034da05fab67b9164"},
    {file = "msgpack-1.0.5.tar.gz", hash = "sha256:c075544284eadc5cddc70f4757331d99dcbc16b2bbd4849d15f8aae4cf36d31c"},
]

[[package]]
name = "regex"
version = "2023.3.23"
description = "Alternative regular expression module, to replace re."
category = "main"
optional = false
python-versions = ">=3.8"
files = [
    {file = "regex-2023.3.23-cp310-cp310-macosx_10_9_x86_64.whl", hash = "sha256:845a5e2d84389c4ddada1a9b95c055320070f18bb76512608374aca00d22eca8"},
    {file = "regex-2023.3.23-cp310-cp310-macosx_11_0_arm64.whl", hash = "sha256:87d9951f5a538dd1d016bdc0dcae59241d15fa94860964833a54d18197fcd134"},
    {file = "regex-2023.3.23-cp310-cp310-manylinux_2_17_aarch64.manylinux2014_aarch64.whl", hash = "sha256:37ae17d3be44c0b3f782c28ae9edd8b47c1f1776d4cabe87edc0b98e1f12b021"},
    {file = "regex-2023.3.23-cp310-cp310-manylinux_2_17_ppc64le.manylinux2014_ppc64le.whl", hash = "sha256:0b8eb1e3bca6b48dc721818a60ae83b8264d4089a4a41d62be6d05316ec38e15"},
    {file = "regex-2023.3.23-cp310-cp310-manylinux_2_17_s390x.manylinux2014_s390x.whl", hash = "sha256:df45fac182ebc3c494460c644e853515cc24f5ad9da05f8ffb91da891bfee879"},
    {file = "regex-2023.3.23-cp310-cp310-manylinux_2_17_x86_64.manylinux2014_x86_64.whl", hash = "sha256:b7006105b10b59971d3b248ad75acc3651c7e4cf54d81694df5a5130a3c3f7ea"},
    {file = "regex-2023.3.23-cp310-cp310-manylinux_2_5_i686.manylinux1_i686.manylinux_2_17_i686.manylinux2014_i686.whl", hash = "sha256:93f3f1aa608380fe294aa4cb82e2afda07a7598e828d0341e124b8fd9327c715"},
    {file = "regex-2023.3.23-cp310-cp310-manylinux_2_5_x86_64.manylinux1_x86_64.manylinux_2_12_x86_64.manylinux2010_x86_64.whl", hash = "sha256:787954f541ab95d8195d97b0b8cf1dc304424adb1e07365967e656b92b38a699"},
    {file = "regex-2023.3.23-cp310-cp310-musllinux_1_1_aarch64.whl", hash = "sha256:20abe0bdf03630fe92ccafc45a599bca8b3501f48d1de4f7d121153350a2f77d"},
    {file = "regex-2023.3.23-cp310-cp310-musllinux_1_1_i686.whl", hash = "sha256:11d00c31aeab9a6e0503bc77e73ed9f4527b3984279d997eb145d7c7be6268fd"},
    {file = "regex-2023.3.23-cp310-cp310-musllinux_1_1_ppc64le.whl", hash = "sha256:d5bbe0e1511b844794a3be43d6c145001626ba9a6c1db8f84bdc724e91131d9d"},
    {file = "regex-2023.3.23-cp310-cp310-musllinux_1_1_s390x.whl", hash = "sha256:ea3c0cb56eadbf4ab2277e7a095676370b3e46dbfc74d5c383bd87b0d6317910"},
    {file = "regex-2023.3.23-cp310-cp310-musllinux_1_1_x86_64.whl", hash = "sha256:d895b4c863059a4934d3e874b90998df774644a41b349ebb330f85f11b4ef2c0"},
    {file = "regex-2023.3.23-cp310-cp310-win32.whl", hash = "sha256:9d764514d19b4edcc75fd8cb1423448ef393e8b6cbd94f38cab983ab1b75855d"},
    {file = "regex-2023.3.23-cp310-cp310-win_amd64.whl", hash = "sha256:11d1f2b7a0696dc0310de0efb51b1f4d813ad4401fe368e83c0c62f344429f98"},
    {file = "regex-2023.3.23-cp311-cp311-macosx_10_9_x86_64.whl", hash = "sha256:8a9c63cde0eaa345795c0fdeb19dc62d22e378c50b0bc67bf4667cd5b482d98b"},
    {file = "regex-2023.3.23-cp311-cp311-macosx_11_0_arm64.whl", hash = "sha256:dd7200b4c27b68cf9c9646da01647141c6db09f48cc5b51bc588deaf8e98a797"},
    {file = "regex-2023.3.23-cp311-cp311-manylinux_2_17_aarch64.manylinux2014_aarch64.whl", hash = "sha256:22720024b90a6ba673a725dcc62e10fb1111b889305d7c6b887ac7466b74bedb"},
    {file = "regex-2023.3.23-cp311-cp311-manylinux_2_17_ppc64le.manylinux2014_ppc64le.whl", hash = "sha256:6b190a339090e6af25f4a5fd9e77591f6d911cc7b96ecbb2114890b061be0ac1"},
    {file = "regex-2023.3.23-cp311-cp311-manylinux_2_17_s390x.manylinux2014_s390x.whl", hash = "sha256:e76b6fc0d8e9efa39100369a9b3379ce35e20f6c75365653cf58d282ad290f6f"},
    {file = "regex-2023.3.23-cp311-cp311-manylinux_2_17_x86_64.manylinux2014_x86_64.whl", hash = "sha256:7868b8f218bf69a2a15402fde08b08712213a1f4b85a156d90473a6fb6b12b09"},
    {file = "regex-2023.3.23-cp311-cp311-manylinux_2_5_i686.manylinux1_i686.manylinux_2_17_i686.manylinux2014_i686.whl", hash = "sha256:2472428efc4127374f494e570e36b30bb5e6b37d9a754f7667f7073e43b0abdd"},
    {file = "regex-2023.3.23-cp311-cp311-musllinux_1_1_aarch64.whl", hash = "sha256:c37df2a060cb476d94c047b18572ee2b37c31f831df126c0da3cd9227b39253d"},
    {file = "regex-2023.3.23-cp311-cp311-musllinux_1_1_i686.whl", hash = "sha256:4479f9e2abc03362df4045b1332d4a2b7885b245a30d4f4b051c4083b97d95d8"},
    {file = "regex-2023.3.23-cp311-cp311-musllinux_1_1_ppc64le.whl", hash = "sha256:e2396e0678167f2d0c197da942b0b3fb48fee2f0b5915a0feb84d11b6686afe6"},
    {file = "regex-2023.3.23-cp311-cp311-musllinux_1_1_s390x.whl", hash = "sha256:75f288c60232a5339e0ff2fa05779a5e9c74e9fc085c81e931d4a264501e745b"},
    {file = "regex-2023.3.23-cp311-cp311-musllinux_1_1_x86_64.whl", hash = "sha256:c869260aa62cee21c5eb171a466c0572b5e809213612ef8d495268cd2e34f20d"},
    {file = "regex-2023.3.23-cp311-cp311-win32.whl", hash = "sha256:25f0532fd0c53e96bad84664171969de9673b4131f2297f1db850d3918d58858"},
    {file = "regex-2023.3.23-cp311-cp311-win_amd64.whl", hash = "sha256:5ccfafd98473e007cebf7da10c1411035b7844f0f204015efd050601906dbb53"},
    {file = "regex-2023.3.23-cp38-cp38-macosx_10_9_x86_64.whl", hash = "sha256:6572ff287176c0fb96568adb292674b421fa762153ed074d94b1d939ed92c253"},
    {file = "regex-2023.3.23-cp38-cp38-macosx_11_0_arm64.whl", hash = "sha256:a610e0adfcb0fc84ea25f6ea685e39e74cbcd9245a72a9a7aab85ff755a5ed27"},
    {file = "regex-2023.3.23-cp38-cp38-manylinux_2_17_aarch64.manylinux2014_aarch64.whl", hash = "sha256:086afe222d58b88b62847bdbd92079b4699350b4acab892f88a935db5707c790"},
    {file = "regex-2023.3.23-cp38-cp38-manylinux_2_17_ppc64le.manylinux2014_ppc64le.whl", hash = "sha256:79e29fd62fa2f597a6754b247356bda14b866131a22444d67f907d6d341e10f3"},
    {file = "regex-2023.3.23-cp38-cp38-manylinux_2_17_s390x.manylinux2014_s390x.whl", hash = "sha256:c07ce8e9eee878a48ebeb32ee661b49504b85e164b05bebf25420705709fdd31"},
    {file = "regex-2023.3.23-cp38-cp38-manylinux_2_17_x86_64.manylinux2014_x86_64.whl", hash = "sha256:86b036f401895e854de9fefe061518e78d506d8a919cc250dc3416bca03f6f9a"},
    {file = "regex-2023.3.23-cp38-cp38-manylinux_2_5_i686.manylinux1_i686.manylinux_2_17_i686.manylinux2014_i686.whl", hash = "sha256:78ac8dd8e18800bb1f97aad0d73f68916592dddf233b99d2b5cabc562088503a"},
    {file = "regex-2023.3.23-cp38-cp38-manylinux_2_5_x86_64.manylinux1_x86_64.manylinux_2_12_x86_64.manylinux2010_x86_64.whl", hash = "sha256:539dd010dc35af935b32f248099e38447bbffc10b59c2b542bceead2bed5c325"},
    {file = "regex-2023.3.23-cp38-cp38-musllinux_1_1_aarch64.whl", hash = "sha256:9bf4a5626f2a0ea006bf81e8963f498a57a47d58907eaa58f4b3e13be68759d8"},
    {file = "regex-2023.3.23-cp38-cp38-musllinux_1_1_i686.whl", hash = "sha256:cf86b4328c204c3f315074a61bc1c06f8a75a8e102359f18ce99fbcbbf1951f0"},
    {file = "regex-2023.3.23-cp38-cp38-musllinux_1_1_ppc64le.whl", hash = "sha256:2848bf76673c83314068241c8d5b7fa9ad9bed866c979875a0e84039349e8fa7"},
    {file = "regex-2023.3.23-cp38-cp38-musllinux_1_1_s390x.whl", hash = "sha256:c125a02d22c555e68f7433bac8449992fa1cead525399f14e47c2d98f2f0e467"},
    {file = "regex-2023.3.23-cp38-cp38-musllinux_1_1_x86_64.whl", hash = "sha256:cd1671e9d5ac05ce6aa86874dd8dfa048824d1dbe73060851b310c6c1a201a96"},
    {file = "regex-2023.3.23-cp38-cp38-win32.whl", hash = "sha256:fffe57312a358be6ec6baeb43d253c36e5790e436b7bf5b7a38df360363e88e9"},
    {file = "regex-2023.3.23-cp38-cp38-win_amd64.whl", hash = "sha256:dbb3f87e15d3dd76996d604af8678316ad2d7d20faa394e92d9394dfd621fd0c"},
    {file = "regex-2023.3.23-cp39-cp39-macosx_10_9_x86_64.whl", hash = "sha256:c88e8c226473b5549fe9616980ea7ca09289246cfbdf469241edf4741a620004"},
    {file = "regex-2023.3.23-cp39-cp39-macosx_11_0_arm64.whl", hash = "sha256:6560776ec19c83f3645bbc5db64a7a5816c9d8fb7ed7201c5bcd269323d88072"},
    {file = "regex-2023.3.23-cp39-cp39-manylinux_2_17_aarch64.manylinux2014_aarch64.whl", hash = "sha256:1b1fc2632c01f42e06173d8dd9bb2e74ab9b0afa1d698058c867288d2c7a31f3"},
    {file = "regex-2023.3.23-cp39-cp39-manylinux_2_17_ppc64le.manylinux2014_ppc64le.whl", hash = "sha256:fdf7ad455f1916b8ea5cdbc482d379f6daf93f3867b4232d14699867a5a13af7"},
    {file = "regex-2023.3.23-cp39-cp39-manylinux_2_17_s390x.manylinux2014_s390x.whl", hash = "sha256:5fc33b27b1d800fc5b78d7f7d0f287e35079ecabe68e83d46930cf45690e1c8c"},
    {file = "regex-2023.3.23-cp39-cp39-manylinux_2_17_x86_64.manylinux2014_x86_64.whl", hash = "sha256:4c49552dc938e3588f63f8a78c86f3c9c75301e813bca0bef13bdb4b87ccf364"},
    {file = "regex-2023.3.23-cp39-cp39-manylinux_2_5_i686.manylinux1_i686.manylinux_2_17_i686.manylinux2014_i686.whl", hash = "sha256:e152461e9a0aedec7d37fc66ec0fa635eca984777d3d3c3e36f53bf3d3ceb16e"},
    {file = "regex-2023.3.23-cp39-cp39-manylinux_2_5_x86_64.manylinux1_x86_64.manylinux_2_12_x86_64.manylinux2010_x86_64.whl", hash = "sha256:db034255e72d2995cf581b14bb3fc9c00bdbe6822b49fcd4eef79e1d5f232618"},
    {file = "regex-2023.3.23-cp39-cp39-musllinux_1_1_aarch64.whl", hash = "sha256:55ae114da21b7a790b90255ea52d2aa3a0d121a646deb2d3c6a3194e722fc762"},
    {file = "regex-2023.3.23-cp39-cp39-musllinux_1_1_i686.whl", hash = "sha256:ef3f528fe1cc3d139508fe1b22523745aa77b9d6cb5b0bf277f48788ee0b993f"},
    {file = "regex-2023.3.23-cp39-cp39-musllinux_1_1_ppc64le.whl", hash = "sha256:a81c9ec59ca2303acd1ccd7b9ac409f1e478e40e96f8f79b943be476c5fdb8bb"},
    {file = "regex-2023.3.23-cp39-cp39-musllinux_1_1_s390x.whl", hash = "sha256:cde09c4fdd070772aa2596d97e942eb775a478b32459e042e1be71b739d08b77"},
    {file = "regex-2023.3.23-cp39-cp39-musllinux_1_1_x86_64.whl", hash = "sha256:3cd9f5dd7b821f141d3a6ca0d5d9359b9221e4f051ca3139320adea9f1679691"},
    {file = "regex-2023.3.23-cp39-cp39-win32.whl", hash = "sha256:7304863f3a652dab5e68e6fb1725d05ebab36ec0390676d1736e0571ebb713ef"},
    {file = "regex-2023.3.23-cp39-cp39-win_amd64.whl", hash = "sha256:54c3fa855a3f7438149de3211738dd9b5f0c733f48b54ae05aa7fce83d48d858"},
    {file = "regex-2023.3.23.tar.gz", hash = "sha256:dc80df325b43ffea5cdea2e3eaa97a44f3dd298262b1c7fe9dbb2a9522b956a7"},
]

[[package]]
name = "wcwidth"
version = "0.2.6"
description = "Measures the displayed width of unicode strings in a terminal"
category = "main"
optional = false
python-versions = "*"
files = [
    {file = "wcwidth-0.2.6-py2.py3-none-any.whl", hash = "sha256:795b138f6875577cd91bba52baf9e445cd5118fd32723b460e30a0af30ea230e"},
    {file = "wcwidth-0.2.6.tar.gz", hash = "sha256:a5220780a404dbe3353789870978e472cfe477761f06ee55077256e509b156d0"},
]

[[package]]
name = "wordfreq"
version = "3.0.3"
description = "Look up the frequencies of words in many languages, based on many sources of data."
category = "main"
optional = false
python-versions = ">=3.7,<4.0"
files = [
    {file = "wordfreq-3.0.3-py3-none-any.whl", hash = "sha256:39a32ed326d99260cdeb24b427f8aba3d979501bfc1057bfeb7140cd7e0f9bf6"},
    {file = "wordfreq-3.0.3.tar.gz", hash = "sha256:98ddabbf1a48389769b2599bbeb5330e35e536f89ca0423ac27419017ebc99d5"},
]

[package.dependencies]
ftfy = ">=6.1"
langcodes = ">=3.0"
msgpack = ">=1.0"
regex = ">=2021.7.6"

[package.extras]
cjk = ["ipadic (>=1.0.0,<2.0.0)", "jieba (>=0.42)", "mecab-ko-dic (>=1.0.0,<2.0.0)", "mecab-python3 (>=1.0.5,<2.0.0)"]
jieba = ["jieba (>=0.42)"]
mecab = ["ipadic (>=1.0.0,<2.0.0)", "mecab-ko-dic (>=1.0.0,<2.0.0)", "mecab-python3 (>=1.0.5,<2.0.0)"]

[metadata]
lock-version = "2.0"
python-versions = "^3.11"
content-hash = "8716ced96321fe0b8d71f3e22f1f9fb5280595f26038c8cf19d722e08d203126"
